
Microsoft Visual Studio Solution File, Format Version 12.00
# Visual Studio Version 16
VisualStudioVersion = 16.0.31613.86
MinimumVisualStudioVersion = 10.0.40219.1
Project("{9A19103F-16F7-4668-BE54-9A1E7A4F7556}") = "EstoqueApp", "EstoqueApp\EstoqueApp\EstoqueApp.csproj", "{0BC07B43-7025-4D81-89B1-9482554108DF}"
EndProject
Project("{FAE04EC0-301F-11D3-BF4B-00C04F79EFBC}") = "EstoqueApp.Android", "EstoqueApp\EstoqueApp.Android\EstoqueApp.Android.csproj", "{8E24ADB1-C40C-4ABF-AA3D-10EF09F658C8}"
EndProject
Project("{FAE04EC0-301F-11D3-BF4B-00C04F79EFBC}") = "EstoqueApp.iOS", "EstoqueApp\EstoqueApp.iOS\EstoqueApp.iOS.csproj", "{06C80445-F53F-48D2-816B-003436FEC9F5}"
EndProject
Project("{2150E333-8FDC-42A3-9474-1A3956D46DE8}") = "Dlls", "Dlls", "{4DD724ED-5C9E-417E-99F7-41E4B69E9103}"
EndProject
Project("{9A19103F-16F7-4668-BE54-9A1E7A4F7556}") = "Models", "Models\Models.csproj", "{78E275C1-80C4-4D50-8AA9-0523BD493CFB}"
EndProject
Project("{FAE04EC0-301F-11D3-BF4B-00C04F79EFBC}") = "Interfaces", "Interfaces\Interfaces.csproj", "{5F89D42D-CB50-4439-959D-7D07979F67A1}"
EndProject
Project("{FAE04EC0-301F-11D3-BF4B-00C04F79EFBC}") = "Communic", "Communic\Communic.csproj", "{66FC3DC6-A84D-4BC7-84AA-A124EE7A8F6B}"
EndProject
Global
	GlobalSection(SolutionConfigurationPlatforms) = preSolution
		Ad-Hoc|Any CPU = Ad-Hoc|Any CPU
		Ad-Hoc|iPhone = Ad-Hoc|iPhone
		Ad-Hoc|iPhoneSimulator = Ad-Hoc|iPhoneSimulator
		AppStore|Any CPU = AppStore|Any CPU
		AppStore|iPhone = AppStore|iPhone
		AppStore|iPhoneSimulator = AppStore|iPhoneSimulator
		Debug|Any CPU = Debug|Any CPU
		Debug|iPhone = Debug|iPhone
		Debug|iPhoneSimulator = Debug|iPhoneSimulator
		Release|Any CPU = Release|Any CPU
		Release|iPhone = Release|iPhone
		Release|iPhoneSimulator = Release|iPhoneSimulator
	EndGlobalSection
	GlobalSection(ProjectConfigurationPlatforms) = postSolution
		{0BC07B43-7025-4D81-89B1-9482554108DF}.Ad-Hoc|Any CPU.ActiveCfg = Debug|Any CPU
		{0BC07B43-7025-4D81-89B1-9482554108DF}.Ad-Hoc|Any CPU.Build.0 = Debug|Any CPU
		{0BC07B43-7025-4D81-89B1-9482554108DF}.Ad-Hoc|iPhone.ActiveCfg = Debug|Any CPU
		{0BC07B43-7025-4D81-89B1-9482554108DF}.Ad-Hoc|iPhone.Build.0 = Debug|Any CPU
		{0BC07B43-7025-4D81-89B1-9482554108DF}.Ad-Hoc|iPhoneSimulator.ActiveCfg = Debug|Any CPU
		{0BC07B43-7025-4D81-89B1-9482554108DF}.Ad-Hoc|iPhoneSimulator.Build.0 = Debug|Any CPU
		{0BC07B43-7025-4D81-89B1-9482554108DF}.AppStore|Any CPU.ActiveCfg = Debug|Any CPU
		{0BC07B43-7025-4D81-89B1-9482554108DF}.AppStore|Any CPU.Build.0 = Debug|Any CPU
		{0BC07B43-7025-4D81-89B1-9482554108DF}.AppStore|iPhone.ActiveCfg = Debug|Any CPU
		{0BC07B43-7025-4D81-89B1-9482554108DF}.AppStore|iPhone.Build.0 = Debug|Any CPU
		{0BC07B43-7025-4D81-89B1-9482554108DF}.AppStore|iPhoneSimulator.ActiveCfg = Debug|Any CPU
		{0BC07B43-7025-4D81-89B1-9482554108DF}.AppStore|iPhoneSimulator.Build.0 = Debug|Any CPU
		{0BC07B43-7025-4D81-89B1-9482554108DF}.Debug|Any CPU.ActiveCfg = Debug|Any CPU
		{0BC07B43-7025-4D81-89B1-9482554108DF}.Debug|Any CPU.Build.0 = Debug|Any CPU
		{0BC07B43-7025-4D81-89B1-9482554108DF}.Debug|iPhone.ActiveCfg = Debug|Any CPU
		{0BC07B43-7025-4D81-89B1-9482554108DF}.Debug|iPhone.Build.0 = Debug|Any CPU
		{0BC07B43-7025-4D81-89B1-9482554108DF}.Debug|iPhoneSimulator.ActiveCfg = Debug|Any CPU
		{0BC07B43-7025-4D81-89B1-9482554108DF}.Debug|iPhoneSimulator.Build.0 = Debug|Any CPU
		{0BC07B43-7025-4D81-89B1-9482554108DF}.Release|Any CPU.ActiveCfg = Release|Any CPU
		{0BC07B43-7025-4D81-89B1-9482554108DF}.Release|Any CPU.Build.0 = Release|Any CPU
		{0BC07B43-7025-4D81-89B1-9482554108DF}.Release|iPhone.ActiveCfg = Release|Any CPU
		{0BC07B43-7025-4D81-89B1-9482554108DF}.Release|iPhone.Build.0 = Release|Any CPU
		{0BC07B43-7025-4D81-89B1-9482554108DF}.Release|iPhoneSimulator.ActiveCfg = Release|Any CPU
		{0BC07B43-7025-4D81-89B1-9482554108DF}.Release|iPhoneSimulator.Build.0 = Release|Any CPU
		{8E24ADB1-C40C-4ABF-AA3D-10EF09F658C8}.Ad-Hoc|Any CPU.ActiveCfg = Debug|Any CPU
		{8E24ADB1-C40C-4ABF-AA3D-10EF09F658C8}.Ad-Hoc|Any CPU.Build.0 = Debug|Any CPU
		{8E24ADB1-C40C-4ABF-AA3D-10EF09F658C8}.Ad-Hoc|Any CPU.Deploy.0 = Debug|Any CPU
		{8E24ADB1-C40C-4ABF-AA3D-10EF09F658C8}.Ad-Hoc|iPhone.ActiveCfg = Debug|Any CPU
		{8E24ADB1-C40C-4ABF-AA3D-10EF09F658C8}.Ad-Hoc|iPhone.Build.0 = Debug|Any CPU
		{8E24ADB1-C40C-4ABF-AA3D-10EF09F658C8}.Ad-Hoc|iPhone.Deploy.0 = Debug|Any CPU
		{8E24ADB1-C40C-4ABF-AA3D-10EF09F658C8}.Ad-Hoc|iPhoneSimulator.ActiveCfg = Debug|Any CPU
		{8E24ADB1-C40C-4ABF-AA3D-10EF09F658C8}.Ad-Hoc|iPhoneSimulator.Build.0 = Debug|Any CPU
		{8E24ADB1-C40C-4ABF-AA3D-10EF09F658C8}.Ad-Hoc|iPhoneSimulator.Deploy.0 = Debug|Any CPU
		{8E24ADB1-C40C-4ABF-AA3D-10EF09F658C8}.AppStore|Any CPU.ActiveCfg = Debug|Any CPU
		{8E24ADB1-C40C-4ABF-AA3D-10EF09F658C8}.AppStore|Any CPU.Build.0 = Debug|Any CPU
		{8E24ADB1-C40C-4ABF-AA3D-10EF09F658C8}.AppStore|Any CPU.Deploy.0 = Debug|Any CPU
		{8E24ADB1-C40C-4ABF-AA3D-10EF09F658C8}.AppStore|iPhone.ActiveCfg = Debug|Any CPU
		{8E24ADB1-C40C-4ABF-AA3D-10EF09F658C8}.AppStore|iPhone.Build.0 = Debug|Any CPU
		{8E24ADB1-C40C-4ABF-AA3D-10EF09F658C8}.AppStore|iPhone.Deploy.0 = Debug|Any CPU
		{8E24ADB1-C40C-4ABF-AA3D-10EF09F658C8}.AppStore|iPhoneSimulator.ActiveCfg = Debug|Any CPU
		{8E24ADB1-C40C-4ABF-AA3D-10EF09F658C8}.AppStore|iPhoneSimulator.Build.0 = Debug|Any CPU
		{8E24ADB1-C40C-4ABF-AA3D-10EF09F658C8}.AppStore|iPhoneSimulator.Deploy.0 = Debug|Any CPU
		{8E24ADB1-C40C-4ABF-AA3D-10EF09F658C8}.Debug|Any CPU.ActiveCfg = Debug|Any CPU
		{8E24ADB1-C40C-4ABF-AA3D-10EF09F658C8}.Debug|Any CPU.Build.0 = Debug|Any CPU
		{8E24ADB1-C40C-4ABF-AA3D-10EF09F658C8}.Debug|Any CPU.Deploy.0 = Debug|Any CPU
		{8E24ADB1-C40C-4ABF-AA3D-10EF09F658C8}.Debug|iPhone.ActiveCfg = Debug|Any CPU
		{8E24ADB1-C40C-4ABF-AA3D-10EF09F658C8}.Debug|iPhone.Build.0 = Debug|Any CPU
		{8E24ADB1-C40C-4ABF-AA3D-10EF09F658C8}.Debug|iPhone.Deploy.0 = Debug|Any CPU
		{8E24ADB1-C40C-4ABF-AA3D-10EF09F658C8}.Debug|iPhoneSimulator.ActiveCfg = Debug|Any CPU
		{8E24ADB1-C40C-4ABF-AA3D-10EF09F658C8}.Debug|iPhoneSimulator.Build.0 = Debug|Any CPU
		{8E24ADB1-C40C-4ABF-AA3D-10EF09F658C8}.Debug|iPhoneSimulator.Deploy.0 = Debug|Any CPU
		{8E24ADB1-C40C-4ABF-AA3D-10EF09F658C8}.Release|Any CPU.ActiveCfg = Release|Any CPU
		{8E24ADB1-C40C-4ABF-AA3D-10EF09F658C8}.Release|Any CPU.Build.0 = Release|Any CPU
		{8E24ADB1-C40C-4ABF-AA3D-10EF09F658C8}.Release|Any CPU.Deploy.0 = Release|Any CPU
		{8E24ADB1-C40C-4ABF-AA3D-10EF09F658C8}.Release|iPhone.ActiveCfg = Release|Any CPU
		{8E24ADB1-C40C-4ABF-AA3D-10EF09F658C8}.Release|iPhone.Build.0 = Release|Any CPU
		{8E24ADB1-C40C-4ABF-AA3D-10EF09F658C8}.Release|iPhone.Deploy.0 = Release|Any CPU
		{8E24ADB1-C40C-4ABF-AA3D-10EF09F658C8}.Release|iPhoneSimulator.ActiveCfg = Release|Any CPU
		{8E24ADB1-C40C-4ABF-AA3D-10EF09F658C8}.Release|iPhoneSimulator.Build.0 = Release|Any CPU
		{8E24ADB1-C40C-4ABF-AA3D-10EF09F658C8}.Release|iPhoneSimulator.Deploy.0 = Release|Any CPU
		{06C80445-F53F-48D2-816B-003436FEC9F5}.Ad-Hoc|Any CPU.ActiveCfg = Ad-Hoc|iPhoneSimulator
		{06C80445-F53F-48D2-816B-003436FEC9F5}.Ad-Hoc|iPhone.ActiveCfg = Ad-Hoc|iPhone
		{06C80445-F53F-48D2-816B-003436FEC9F5}.Ad-Hoc|iPhone.Build.0 = Ad-Hoc|iPhone
		{06C80445-F53F-48D2-816B-003436FEC9F5}.Ad-Hoc|iPhoneSimulator.ActiveCfg = Ad-Hoc|iPhoneSimulator
		{06C80445-F53F-48D2-816B-003436FEC9F5}.Ad-Hoc|iPhoneSimulator.Build.0 = Ad-Hoc|iPhoneSimulator
		{06C80445-F53F-48D2-816B-003436FEC9F5}.AppStore|Any CPU.ActiveCfg = AppStore|iPhoneSimulator
		{06C80445-F53F-48D2-816B-003436FEC9F5}.AppStore|iPhone.ActiveCfg = AppStore|iPhone
		{06C80445-F53F-48D2-816B-003436FEC9F5}.AppStore|iPhone.Build.0 = AppStore|iPhone
		{06C80445-F53F-48D2-816B-003436FEC9F5}.AppStore|iPhoneSimulator.ActiveCfg = AppStore|iPhoneSimulator
		{06C80445-F53F-48D2-816B-003436FEC9F5}.AppStore|iPhoneSimulator.Build.0 = AppStore|iPhoneSimulator
		{06C80445-F53F-48D2-816B-003436FEC9F5}.Debug|Any CPU.ActiveCfg = Debug|iPhoneSimulator
		{06C80445-F53F-48D2-816B-003436FEC9F5}.Debug|iPhone.ActiveCfg = Debug|iPhone
		{06C80445-F53F-48D2-816B-003436FEC9F5}.Debug|iPhone.Build.0 = Debug|iPhone
		{06C80445-F53F-48D2-816B-003436FEC9F5}.Debug|iPhoneSimulator.ActiveCfg = Debug|iPhoneSimulator
		{06C80445-F53F-48D2-816B-003436FEC9F5}.Debug|iPhoneSimulator.Build.0 = Debug|iPhoneSimulator
		{06C80445-F53F-48D2-816B-003436FEC9F5}.Release|Any CPU.ActiveCfg = Release|iPhoneSimulator
		{06C80445-F53F-48D2-816B-003436FEC9F5}.Release|iPhone.ActiveCfg = Release|iPhone
		{06C80445-F53F-48D2-816B-003436FEC9F5}.Release|iPhone.Build.0 = Release|iPhone
		{06C80445-F53F-48D2-816B-003436FEC9F5}.Release|iPhoneSimulator.ActiveCfg = Release|iPhoneSimulator
		{06C80445-F53F-48D2-816B-003436FEC9F5}.Release|iPhoneSimulator.Build.0 = Release|iPhoneSimulator
		{78E275C1-80C4-4D50-8AA9-0523BD493CFB}.Ad-Hoc|Any CPU.ActiveCfg = Debug|Any CPU
		{78E275C1-80C4-4D50-8AA9-0523BD493CFB}.Ad-Hoc|Any CPU.Build.0 = Debug|Any CPU
		{78E275C1-80C4-4D50-8AA9-0523BD493CFB}.Ad-Hoc|iPhone.ActiveCfg = Debug|Any CPU
		{78E275C1-80C4-4D50-8AA9-0523BD493CFB}.Ad-Hoc|iPhone.Build.0 = Debug|Any CPU
		{78E275C1-80C4-4D50-8AA9-0523BD493CFB}.Ad-Hoc|iPhoneSimulator.ActiveCfg = Debug|Any CPU
		{78E275C1-80C4-4D50-8AA9-0523BD493CFB}.Ad-Hoc|iPhoneSimulator.Build.0 = Debug|Any CPU
		{78E275C1-80C4-4D50-8AA9-0523BD493CFB}.AppStore|Any CPU.ActiveCfg = Debug|Any CPU
		{78E275C1-80C4-4D50-8AA9-0523BD493CFB}.AppStore|Any CPU.Build.0 = Debug|Any CPU
		{78E275C1-80C4-4D50-8AA9-0523BD493CFB}.AppStore|iPhone.ActiveCfg = Debug|Any CPU
		{78E275C1-80C4-4D50-8AA9-0523BD493CFB}.AppStore|iPhone.Build.0 = Debug|Any CPU
		{78E275C1-80C4-4D50-8AA9-0523BD493CFB}.AppStore|iPhoneSimulator.ActiveCfg = Debug|Any CPU
		{78E275C1-80C4-4D50-8AA9-0523BD493CFB}.AppStore|iPhoneSimulator.Build.0 = Debug|Any CPU
		{78E275C1-80C4-4D50-8AA9-0523BD493CFB}.Debug|Any CPU.ActiveCfg = Debug|Any CPU
		{78E275C1-80C4-4D50-8AA9-0523BD493CFB}.Debug|Any CPU.Build.0 = Debug|Any CPU
		{78E275C1-80C4-4D50-8AA9-0523BD493CFB}.Debug|iPhone.ActiveCfg = Debug|Any CPU
		{78E275C1-80C4-4D50-8AA9-0523BD493CFB}.Debug|iPhone.Build.0 = Debug|Any CPU
		{78E275C1-80C4-4D50-8AA9-0523BD493CFB}.Debug|iPhoneSimulator.ActiveCfg = Debug|Any CPU
		{78E275C1-80C4-4D50-8AA9-0523BD493CFB}.Debug|iPhoneSimulator.Build.0 = Debug|Any CPU
		{78E275C1-80C4-4D50-8AA9-0523BD493CFB}.Release|Any CPU.ActiveCfg = Release|Any CPU
		{78E275C1-80C4-4D50-8AA9-0523BD493CFB}.Release|Any CPU.Build.0 = Release|Any CPU
		{78E275C1-80C4-4D50-8AA9-0523BD493CFB}.Release|iPhone.ActiveCfg = Release|Any CPU
		{78E275C1-80C4-4D50-8AA9-0523BD493CFB}.Release|iPhone.Build.0 = Release|Any CPU
		{78E275C1-80C4-4D50-8AA9-0523BD493CFB}.Release|iPhoneSimulator.ActiveCfg = Release|Any CPU
		{78E275C1-80C4-4D50-8AA9-0523BD493CFB}.Release|iPhoneSimulator.Build.0 = Release|Any CPU
		{5F89D42D-CB50-4439-959D-7D07979F67A1}.Ad-Hoc|Any CPU.ActiveCfg = Debug|Any CPU
		{5F89D42D-CB50-4439-959D-7D07979F67A1}.Ad-Hoc|Any CPU.Build.0 = Debug|Any CPU
		{5F89D42D-CB50-4439-959D-7D07979F67A1}.Ad-Hoc|iPhone.ActiveCfg = Debug|Any CPU
		{5F89D42D-CB50-4439-959D-7D07979F67A1}.Ad-Hoc|iPhone.Build.0 = Debug|Any CPU
		{5F89D42D-CB50-4439-959D-7D07979F67A1}.Ad-Hoc|iPhoneSimulator.ActiveCfg = Debug|Any CPU
		{5F89D42D-CB50-4439-959D-7D07979F67A1}.Ad-Hoc|iPhoneSimulator.Build.0 = Debug|Any CPU
		{5F89D42D-CB50-4439-959D-7D07979F67A1}.AppStore|Any CPU.ActiveCfg = Debug|Any CPU
		{5F89D42D-CB50-4439-959D-7D07979F67A1}.AppStore|Any CPU.Build.0 = Debug|Any CPU
		{5F89D42D-CB50-4439-959D-7D07979F67A1}.AppStore|iPhone.ActiveCfg = Debug|Any CPU
		{5F89D42D-CB50-4439-959D-7D07979F67A1}.AppStore|iPhone.Build.0 = Debug|Any CPU
		{5F89D42D-CB50-4439-959D-7D07979F67A1}.AppStore|iPhoneSimulator.ActiveCfg = Debug|Any CPU
		{5F89D42D-CB50-4439-959D-7D07979F67A1}.AppStore|iPhoneSimulator.Build.0 = Debug|Any CPU
		{5F89D42D-CB50-4439-959D-7D07979F67A1}.Debug|Any CPU.ActiveCfg = Debug|Any CPU
		{5F89D42D-CB50-4439-959D-7D07979F67A1}.Debug|Any CPU.Build.0 = Debug|Any CPU
		{5F89D42D-CB50-4439-959D-7D07979F67A1}.Debug|iPhone.ActiveCfg = Debug|Any CPU
		{5F89D42D-CB50-4439-959D-7D07979F67A1}.Debug|iPhone.Build.0 = Debug|Any CPU
		{5F89D42D-CB50-4439-959D-7D07979F67A1}.Debug|iPhoneSimulator.ActiveCfg = Debug|Any CPU
		{5F89D42D-CB50-4439-959D-7D07979F67A1}.Debug|iPhoneSimulator.Build.0 = Debug|Any CPU
		{5F89D42D-CB50-4439-959D-7D07979F67A1}.Release|Any CPU.ActiveCfg = Release|Any CPU
		{5F89D42D-CB50-4439-959D-7D07979F67A1}.Release|Any CPU.Build.0 = Release|Any CPU
		{5F89D42D-CB50-4439-959D-7D07979F67A1}.Release|iPhone.ActiveCfg = Release|Any CPU
		{5F89D42D-CB50-4439-959D-7D07979F67A1}.Release|iPhone.Build.0 = Release|Any CPU
		{5F89D42D-CB50-4439-959D-7D07979F67A1}.Release|iPhoneSimulator.ActiveCfg = Release|Any CPU
		{5F89D42D-CB50-4439-959D-7D07979F67A1}.Release|iPhoneSimulator.Build.0 = Release|Any CPU
		{66FC3DC6-A84D-4BC7-84AA-A124EE7A8F6B}.Ad-Hoc|Any CPU.ActiveCfg = Debug|Any CPU
		{66FC3DC6-A84D-4BC7-84AA-A124EE7A8F6B}.Ad-Hoc|Any CPU.Build.0 = Debug|Any CPU
		{66FC3DC6-A84D-4BC7-84AA-A124EE7A8F6B}.Ad-Hoc|iPhone.ActiveCfg = Debug|Any CPU
		{66FC3DC6-A84D-4BC7-84AA-A124EE7A8F6B}.Ad-Hoc|iPhone.Build.0 = Debug|Any CPU
		{66FC3DC6-A84D-4BC7-84AA-A124EE7A8F6B}.Ad-Hoc|iPhoneSimulator.ActiveCfg = Debug|Any CPU
		{66FC3DC6-A84D-4BC7-84AA-A124EE7A8F6B}.Ad-Hoc|iPhoneSimulator.Build.0 = Debug|Any CPU
		{66FC3DC6-A84D-4BC7-84AA-A124EE7A8F6B}.AppStore|Any CPU.ActiveCfg = Debug|Any CPU
		{66FC3DC6-A84D-4BC7-84AA-A124EE7A8F6B}.AppStore|Any CPU.Build.0 = Debug|Any CPU
		{66FC3DC6-A84D-4BC7-84AA-A124EE7A8F6B}.AppStore|iPhone.ActiveCfg = Debug|Any CPU
		{66FC3DC6-A84D-4BC7-84AA-A124EE7A8F6B}.AppStore|iPhone.Build.0 = Debug|Any CPU
		{66FC3DC6-A84D-4BC7-84AA-A124EE7A8F6B}.AppStore|iPhoneSimulator.ActiveCfg = Debug|Any CPU
		{66FC3DC6-A84D-4BC7-84AA-A124EE7A8F6B}.AppStore|iPhoneSimulator.Build.0 = Debug|Any CPU
		{66FC3DC6-A84D-4BC7-84AA-A124EE7A8F6B}.Debug|Any CPU.ActiveCfg = Debug|Any CPU
		{66FC3DC6-A84D-4BC7-84AA-A124EE7A8F6B}.Debug|Any CPU.Build.0 = Debug|Any CPU
		{66FC3DC6-A84D-4BC7-84AA-A124EE7A8F6B}.Debug|iPhone.ActiveCfg = Debug|Any CPU
		{66FC3DC6-A84D-4BC7-84AA-A124EE7A8F6B}.Debug|iPhone.Build.0 = Debug|Any CPU
		{66FC3DC6-A84D-4BC7-84AA-A124EE7A8F6B}.Debug|iPhoneSimulator.ActiveCfg = Debug|Any CPU
		{66FC3DC6-A84D-4BC7-84AA-A124EE7A8F6B}.Debug|iPhoneSimulator.Build.0 = Debug|Any CPU
		{66FC3DC6-A84D-4BC7-84AA-A124EE7A8F6B}.Release|Any CPU.ActiveCfg = Release|Any CPU
		{66FC3DC6-A84D-4BC7-84AA-A124EE7A8F6B}.Release|Any CPU.Build.0 = Release|Any CPU
		{66FC3DC6-A84D-4BC7-84AA-A124EE7A8F6B}.Release|iPhone.ActiveCfg = Release|Any CPU
		{66FC3DC6-A84D-4BC7-84AA-A124EE7A8F6B}.Release|iPhone.Build.0 = Release|Any CPU
		{66FC3DC6-A84D-4BC7-84AA-A124EE7A8F6B}.Release|iPhoneSimulator.ActiveCfg = Release|Any CPU
		{66FC3DC6-A84D-4BC7-84AA-A124EE7A8F6B}.Release|iPhoneSimulator.Build.0 = Release|Any CPU
	EndGlobalSection
	GlobalSection(SolutionProperties) = preSolution
		HideSolutionNode = FALSE
	EndGlobalSection
	GlobalSection(NestedProjects) = preSolution
		{78E275C1-80C4-4D50-8AA9-0523BD493CFB} = {4DD724ED-5C9E-417E-99F7-41E4B69E9103}
		{5F89D42D-CB50-4439-959D-7D07979F67A1} = {4DD724ED-5C9E-417E-99F7-41E4B69E9103}
		{66FC3DC6-A84D-4BC7-84AA-A124EE7A8F6B} = {4DD724ED-5C9E-417E-99F7-41E4B69E9103}
	EndGlobalSection
	GlobalSection(ExtensibilityGlobals) = postSolution
		SolutionGuid = {AB00FD68-3972-44A7-9FB0-2E421CAA7234}
	EndGlobalSection
EndGlobal
